
Microsoft Visual Studio Solution File, Format Version 12.00
# Visual Studio Version 17
VisualStudioVersion = 17.3.32901.215
MinimumVisualStudioVersion = 10.0.40219.1
Project("{FAE04EC0-301F-11D3-BF4B-00C04F79EFBC}") = "Cronometro.Android", "Cronometro\Cronometro.Android\Cronometro.Android.csproj", "{7F7AFB76-9FB6-4BA0-94F8-4B284CEA83DB}"
EndProject
Project("{FAE04EC0-301F-11D3-BF4B-00C04F79EFBC}") = "Cronometro.iOS", "Cronometro\Cronometro.iOS\Cronometro.iOS.csproj", "{DE96703A-0C73-4E3F-BE09-82D5AD4A9108}"
EndProject
Project("{FAE04EC0-301F-11D3-BF4B-00C04F79EFBC}") = "Cronometro", "Cronometro\Cronometro\Cronometro.csproj", "{B091AB92-3BB9-4F14-894D-AD95E21B0759}"
EndProject
Global
	GlobalSection(SolutionConfigurationPlatforms) = preSolution
		Debug|Any CPU = Debug|Any CPU
		Debug|iPhone = Debug|iPhone
		Debug|iPhoneSimulator = Debug|iPhoneSimulator
		Release|Any CPU = Release|Any CPU
		Release|iPhone = Release|iPhone
		Release|iPhoneSimulator = Release|iPhoneSimulator
	EndGlobalSection
	GlobalSection(ProjectConfigurationPlatforms) = postSolution
		{7F7AFB76-9FB6-4BA0-94F8-4B284CEA83DB}.Debug|Any CPU.ActiveCfg = Debug|Any CPU
		{7F7AFB76-9FB6-4BA0-94F8-4B284CEA83DB}.Debug|Any CPU.Build.0 = Debug|Any CPU
		{7F7AFB76-9FB6-4BA0-94F8-4B284CEA83DB}.Debug|Any CPU.Deploy.0 = Debug|Any CPU
		{7F7AFB76-9FB6-4BA0-94F8-4B284CEA83DB}.Debug|iPhone.ActiveCfg = Debug|Any CPU
		{7F7AFB76-9FB6-4BA0-94F8-4B284CEA83DB}.Debug|iPhone.Build.0 = Debug|Any CPU
		{7F7AFB76-9FB6-4BA0-94F8-4B284CEA83DB}.Debug|iPhone.Deploy.0 = Debug|Any CPU
		{7F7AFB76-9FB6-4BA0-94F8-4B284CEA83DB}.Debug|iPhoneSimulator.ActiveCfg = Debug|Any CPU
		{7F7AFB76-9FB6-4BA0-94F8-4B284CEA83DB}.Debug|iPhoneSimulator.Build.0 = Debug|Any CPU
		{7F7AFB76-9FB6-4BA0-94F8-4B284CEA83DB}.Debug|iPhoneSimulator.Deploy.0 = Debug|Any CPU
		{7F7AFB76-9FB6-4BA0-94F8-4B284CEA83DB}.Release|Any CPU.ActiveCfg = Release|Any CPU
		{7F7AFB76-9FB6-4BA0-94F8-4B284CEA83DB}.Release|Any CPU.Build.0 = Release|Any CPU
		{7F7AFB76-9FB6-4BA0-94F8-4B284CEA83DB}.Release|Any CPU.Deploy.0 = Release|Any CPU
		{7F7AFB76-9FB6-4BA0-94F8-4B284CEA83DB}.Release|iPhone.ActiveCfg = Release|Any CPU
		{7F7AFB76-9FB6-4BA0-94F8-4B284CEA83DB}.Release|iPhone.Build.0 = Release|Any CPU
		{7F7AFB76-9FB6-4BA0-94F8-4B284CEA83DB}.Release|iPhone.Deploy.0 = Release|Any CPU
		{7F7AFB76-9FB6-4BA0-94F8-4B284CEA83DB}.Release|iPhoneSimulator.ActiveCfg = Release|Any CPU
		{7F7AFB76-9FB6-4BA0-94F8-4B284CEA83DB}.Release|iPhoneSimulator.Build.0 = Release|Any CPU
		{7F7AFB76-9FB6-4BA0-94F8-4B284CEA83DB}.Release|iPhoneSimulator.Deploy.0 = Release|Any CPU
		{DE96703A-0C73-4E3F-BE09-82D5AD4A9108}.Debug|Any CPU.ActiveCfg = Debug|iPhone
		{DE96703A-0C73-4E3F-BE09-82D5AD4A9108}.Debug|Any CPU.Build.0 = Debug|iPhone
		{DE96703A-0C73-4E3F-BE09-82D5AD4A9108}.Debug|Any CPU.Deploy.0 = Debug|iPhone
		{DE96703A-0C73-4E3F-BE09-82D5AD4A9108}.Debug|iPhone.ActiveCfg = Debug|iPhone
		{DE96703A-0C73-4E3F-BE09-82D5AD4A9108}.Debug|iPhone.Build.0 = Debug|iPhone
		{DE96703A-0C73-4E3F-BE09-82D5AD4A9108}.Debug|iPhone.Deploy.0 = Debug|iPhone
		{DE96703A-0C73-4E3F-BE09-82D5AD4A9108}.Debug|iPhoneSimulator.ActiveCfg = Debug|iPhoneSimulator
		{DE96703A-0C73-4E3F-BE09-82D5AD4A9108}.Debug|iPhoneSimulator.Build.0 = Debug|iPhoneSimulator
		{DE96703A-0C73-4E3F-BE09-82D5AD4A9108}.Debug|iPhoneSimulator.Deploy.0 = Debug|iPhoneSimulator
		{DE96703A-0C73-4E3F-BE09-82D5AD4A9108}.Release|Any CPU.ActiveCfg = Release|iPhoneSimulator
		{DE96703A-0C73-4E3F-BE09-82D5AD4A9108}.Release|Any CPU.Build.0 = Release|iPhoneSimulator
		{DE96703A-0C73-4E3F-BE09-82D5AD4A9108}.Release|Any CPU.Deploy.0 = Release|iPhoneSimulator
		{DE96703A-0C73-4E3F-BE09-82D5AD4A9108}.Release|iPhone.ActiveCfg = Release|iPhone
		{DE96703A-0C73-4E3F-BE09-82D5AD4A9108}.Release|iPhone.Build.0 = Release|iPhone
		{DE96703A-0C73-4E3F-BE09-82D5AD4A9108}.Release|iPhone.Deploy.0 = Release|iPhone
		{DE96703A-0C73-4E3F-BE09-82D5AD4A9108}.Release|iPhoneSimulator.ActiveCfg = Release|iPhoneSimulator
		{DE96703A-0C73-4E3F-BE09-82D5AD4A9108}.Release|iPhoneSimulator.Build.0 = Release|iPhoneSimulator
		{DE96703A-0C73-4E3F-BE09-82D5AD4A9108}.Release|iPhoneSimulator.Deploy.0 = Release|iPhoneSimulator
		{B091AB92-3BB9-4F14-894D-AD95E21B0759}.Debug|Any CPU.ActiveCfg = Debug|Any CPU
		{B091AB92-3BB9-4F14-894D-AD95E21B0759}.Debug|Any CPU.Build.0 = Debug|Any CPU
		{B091AB92-3BB9-4F14-894D-AD95E21B0759}.Debug|Any CPU.Deploy.0 = Debug|Any CPU
		{B091AB92-3BB9-4F14-894D-AD95E21B0759}.Debug|iPhone.ActiveCfg = Debug|Any CPU
		{B091AB92-3BB9-4F14-894D-AD95E21B0759}.Debug|iPhone.Build.0 = Debug|Any CPU
		{B091AB92-3BB9-4F14-894D-AD95E21B0759}.Debug|iPhone.Deploy.0 = Debug|Any CPU
		{B091AB92-3BB9-4F14-894D-AD95E21B0759}.Debug|iPhoneSimulator.ActiveCfg = Debug|Any CPU
		{B091AB92-3BB9-4F14-894D-AD95E21B0759}.Debug|iPhoneSimulator.Build.0 = Debug|Any CPU
		{B091AB92-3BB9-4F14-894D-AD95E21B0759}.Debug|iPhoneSimulator.Deploy.0 = Debug|Any CPU
		{B091AB92-3BB9-4F14-894D-AD95E21B0759}.Release|Any CPU.ActiveCfg = Release|Any CPU
		{B091AB92-3BB9-4F14-894D-AD95E21B0759}.Release|Any CPU.Build.0 = Release|Any CPU
		{B091AB92-3BB9-4F14-894D-AD95E21B0759}.Release|Any CPU.Deploy.0 = Release|Any CPU
		{B091AB92-3BB9-4F14-894D-AD95E21B0759}.Release|iPhone.ActiveCfg = Release|Any CPU
		{B091AB92-3BB9-4F14-894D-AD95E21B0759}.Release|iPhone.Build.0 = Release|Any CPU
		{B091AB92-3BB9-4F14-894D-AD95E21B0759}.Release|iPhone.Deploy.0 = Release|Any CPU
		{B091AB92-3BB9-4F14-894D-AD95E21B0759}.Release|iPhoneSimulator.ActiveCfg = Release|Any CPU
		{B091AB92-3BB9-4F14-894D-AD95E21B0759}.Release|iPhoneSimulator.Build.0 = Release|Any CPU
		{B091AB92-3BB9-4F14-894D-AD95E21B0759}.Release|iPhoneSimulator.Deploy.0 = Release|Any CPU
	EndGlobalSection
	GlobalSection(SolutionProperties) = preSolution
		HideSolutionNode = FALSE
	EndGlobalSection
	GlobalSection(ExtensibilityGlobals) = postSolution
		SolutionGuid = {EFEF9F36-7C5D-4038-8248-14EC6D396C38}
	EndGlobalSection
EndGlobal
